
Microsoft Visual Studio Solution File, Format Version 12.00
# Visual Studio Version 17
VisualStudioVersion = 17.5.33502.453
MinimumVisualStudioVersion = 10.0.40219.1
Project("{FAE04EC0-301F-11D3-BF4B-00C04F79EFBC}") = "Combinado", "Colas\Combinado.csproj", "{685FF923-429D-4F79-8656-86F9DF36BFFE}"
EndProject
Global
	GlobalSection(SolutionConfigurationPlatforms) = preSolution
		Debug|Any CPU = Debug|Any CPU
		Release|Any CPU = Release|Any CPU
	EndGlobalSection
	GlobalSection(ProjectConfigurationPlatforms) = postSolution
		{685FF923-429D-4F79-8656-86F9DF36BFFE}.Debug|Any CPU.ActiveCfg = Debug|Any CPU
		{685FF923-429D-4F79-8656-86F9DF36BFFE}.Debug|Any CPU.Build.0 = Debug|Any CPU
		{685FF923-429D-4F79-8656-86F9DF36BFFE}.Release|Any CPU.ActiveCfg = Release|Any CPU
		{685FF923-429D-4F79-8656-86F9DF36BFFE}.Release|Any CPU.Build.0 = Release|Any CPU
	EndGlobalSection
	GlobalSection(SolutionProperties) = preSolution
		HideSolutionNode = FALSE
	EndGlobalSection
	GlobalSection(ExtensibilityGlobals) = postSolution
		SolutionGuid = {FE5D6967-EDE2-4BC9-BD26-FB0F944E19FA}
	EndGlobalSection
EndGlobal
